
Microsoft Visual Studio Solution File, Format Version 12.00
# Visual Studio 15
VisualStudioVersion = 15.0.27703.2018
MinimumVisualStudioVersion = 10.0.40219.1
Project("{9A19103F-16F7-4668-BE54-9A1E7A4F7556}") = "Simulador", "SimuladorAD\Simulador.csproj", "{3ABEFBCA-814F-4FB0-9421-8B998808769C}"
EndProject
Project("{FAE04EC0-301F-11D3-BF4B-00C04F79EFBC}") = "Estruturas", "Estruturas\Estruturas.csproj", "{A257EECA-D70B-4D70-9934-0010EFD7ADC4}"
EndProject
Project("{FAE04EC0-301F-11D3-BF4B-00C04F79EFBC}") = "Estatisticas", "Estatisticas\Estatisticas.csproj", "{D091503C-BB23-454F-AA6A-F9593AE7E2B1}"
EndProject
Global
	GlobalSection(SolutionConfigurationPlatforms) = preSolution
		Debug|Any CPU = Debug|Any CPU
		Release|Any CPU = Release|Any CPU
	EndGlobalSection
	GlobalSection(ProjectConfigurationPlatforms) = postSolution
		{3ABEFBCA-814F-4FB0-9421-8B998808769C}.Debug|Any CPU.ActiveCfg = Debug|Any CPU
		{3ABEFBCA-814F-4FB0-9421-8B998808769C}.Debug|Any CPU.Build.0 = Debug|Any CPU
		{3ABEFBCA-814F-4FB0-9421-8B998808769C}.Release|Any CPU.ActiveCfg = Release|Any CPU
		{3ABEFBCA-814F-4FB0-9421-8B998808769C}.Release|Any CPU.Build.0 = Release|Any CPU
		{A257EECA-D70B-4D70-9934-0010EFD7ADC4}.Debug|Any CPU.ActiveCfg = Debug|Any CPU
		{A257EECA-D70B-4D70-9934-0010EFD7ADC4}.Debug|Any CPU.Build.0 = Debug|Any CPU
		{A257EECA-D70B-4D70-9934-0010EFD7ADC4}.Release|Any CPU.ActiveCfg = Release|Any CPU
		{A257EECA-D70B-4D70-9934-0010EFD7ADC4}.Release|Any CPU.Build.0 = Release|Any CPU
		{D091503C-BB23-454F-AA6A-F9593AE7E2B1}.Debug|Any CPU.ActiveCfg = Debug|Any CPU
		{D091503C-BB23-454F-AA6A-F9593AE7E2B1}.Debug|Any CPU.Build.0 = Debug|Any CPU
		{D091503C-BB23-454F-AA6A-F9593AE7E2B1}.Release|Any CPU.ActiveCfg = Release|Any CPU
		{D091503C-BB23-454F-AA6A-F9593AE7E2B1}.Release|Any CPU.Build.0 = Release|Any CPU
	EndGlobalSection
	GlobalSection(SolutionProperties) = preSolution
		HideSolutionNode = FALSE
	EndGlobalSection
	GlobalSection(ExtensibilityGlobals) = postSolution
		SolutionGuid = {825E30D2-96AE-4A1A-AA66-F3298C10201F}
	EndGlobalSection
EndGlobal
